
Microsoft Visual Studio Solution File, Format Version 12.00
# Visual Studio 2013
VisualStudioVersion = 12.0.21005.1
MinimumVisualStudioVersion = 10.0.40219.1
Project("{8BC9CEB8-8B4A-11D0-8D11-00A0C91BC942}") = "特殊类设计及单例模式", "特殊类设计及单例模式\特殊类设计及单例模式.vcxproj", "{7508E9AA-CC76-4728-BD69-40B2D596841E}"
EndProject
Global
	GlobalSection(SolutionConfigurationPlatforms) = preSolution
		Debug|Win32 = Debug|Win32
		Release|Win32 = Release|Win32
	EndGlobalSection
	GlobalSection(ProjectConfigurationPlatforms) = postSolution
		{7508E9AA-CC76-4728-BD69-40B2D596841E}.Debug|Win32.ActiveCfg = Debug|Win32
		{7508E9AA-CC76-4728-BD69-40B2D596841E}.Debug|Win32.Build.0 = Debug|Win32
		{7508E9AA-CC76-4728-BD69-40B2D596841E}.Release|Win32.ActiveCfg = Release|Win32
		{7508E9AA-CC76-4728-BD69-40B2D596841E}.Release|Win32.Build.0 = Release|Win32
	EndGlobalSection
	GlobalSection(SolutionProperties) = preSolution
		HideSolutionNode = FALSE
	EndGlobalSection
EndGlobal
